
Microsoft Visual Studio Solution File, Format Version 12.00
# Visual Studio Version 16
VisualStudioVersion = 16.0.31729.503
MinimumVisualStudioVersion = 10.0.40219.1
Project("{FAE04EC0-301F-11D3-BF4B-00C04F79EFBC}") = "BarbagalloEs4", "BarbagalloEs4\BarbagalloEs4.csproj", "{7E998B39-1567-4429-A0B6-BE1576CED630}"
EndProject
Global
	GlobalSection(SolutionConfigurationPlatforms) = preSolution
		Debug|Any CPU = Debug|Any CPU
		Release|Any CPU = Release|Any CPU
	EndGlobalSection
	GlobalSection(ProjectConfigurationPlatforms) = postSolution
		{7E998B39-1567-4429-A0B6-BE1576CED630}.Debug|Any CPU.ActiveCfg = Debug|Any CPU
		{7E998B39-1567-4429-A0B6-BE1576CED630}.Debug|Any CPU.Build.0 = Debug|Any CPU
		{7E998B39-1567-4429-A0B6-BE1576CED630}.Release|Any CPU.ActiveCfg = Release|Any CPU
		{7E998B39-1567-4429-A0B6-BE1576CED630}.Release|Any CPU.Build.0 = Release|Any CPU
	EndGlobalSection
	GlobalSection(SolutionProperties) = preSolution
		HideSolutionNode = FALSE
	EndGlobalSection
	GlobalSection(ExtensibilityGlobals) = postSolution
		SolutionGuid = {F59C1186-3829-4CCD-9278-BB84612AC2E8}
	EndGlobalSection
EndGlobal
